
Microsoft Visual Studio Solution File, Format Version 12.00
# Visual Studio Version 16
VisualStudioVersion = 16.0.30104.148
MinimumVisualStudioVersion = 10.0.40219.1
Project("{FAE04EC0-301F-11D3-BF4B-00C04F79EFBC}") = "DaysCounterUI", "DayCounter\DaysCounterUI.csproj", "{441EBF1E-B61F-434C-A5C0-0E1F5D805A10}"
EndProject
Project("{FAE04EC0-301F-11D3-BF4B-00C04F79EFBC}") = "Domain", "Domain\Domain.csproj", "{9EE57D3F-C4D3-4984-B64A-EF60D4D3EA8C}"
EndProject
Global
	GlobalSection(SolutionConfigurationPlatforms) = preSolution
		Debug|Any CPU = Debug|Any CPU
		Release|Any CPU = Release|Any CPU
	EndGlobalSection
	GlobalSection(ProjectConfigurationPlatforms) = postSolution
		{441EBF1E-B61F-434C-A5C0-0E1F5D805A10}.Debug|Any CPU.ActiveCfg = Debug|Any CPU
		{441EBF1E-B61F-434C-A5C0-0E1F5D805A10}.Debug|Any CPU.Build.0 = Debug|Any CPU
		{441EBF1E-B61F-434C-A5C0-0E1F5D805A10}.Release|Any CPU.ActiveCfg = Release|Any CPU
		{441EBF1E-B61F-434C-A5C0-0E1F5D805A10}.Release|Any CPU.Build.0 = Release|Any CPU
		{9EE57D3F-C4D3-4984-B64A-EF60D4D3EA8C}.Debug|Any CPU.ActiveCfg = Debug|Any CPU
		{9EE57D3F-C4D3-4984-B64A-EF60D4D3EA8C}.Debug|Any CPU.Build.0 = Debug|Any CPU
		{9EE57D3F-C4D3-4984-B64A-EF60D4D3EA8C}.Release|Any CPU.ActiveCfg = Release|Any CPU
		{9EE57D3F-C4D3-4984-B64A-EF60D4D3EA8C}.Release|Any CPU.Build.0 = Release|Any CPU
	EndGlobalSection
	GlobalSection(SolutionProperties) = preSolution
		HideSolutionNode = FALSE
	EndGlobalSection
	GlobalSection(ExtensibilityGlobals) = postSolution
		SolutionGuid = {667CD4ED-1BD2-47B9-B87A-314D85DCC7D5}
	EndGlobalSection
EndGlobal
